github.com/PuerkitoBio/goquery v1.5.1 h1:PSPBGne8NIUWw+/7vFBV+kG2J/5MOjbzc7154OaKCSE=
github.com/PuerkitoBio/goquery v1.5.1/go.mod h1:GsLWisAFVj4WgDibEWF4pvYnkVQBpKBKeU+7zCJoLcc=
github.com/andybalholm/cascadia v1.1.0 h1:BuuO6sSfQNFRu1LppgbD25Hr2vLYW25JvxHs5zzsLTo=
github.com/andybalholm/cascadia v1.1.0/go.mod h1:GsXiBklL0woXo1j/WYWtSYYC4ouU9PqHO0sqidkEA4Y=
github.com/dustin/go-humanize v1.0.0 h1:VSnTsYCnlFHaM2/igO1h6X3HA71jcobQuxemgkq4zYo=
github.com/dustin/go-humanize v1.0.0/go.mod h1:HtrtbFcZ19U5GC7JDqmcUSB87Iq5E25KnS6fMYU6eOk=
github.com/mishrasunny174/gosci-hub/libdownloader v0.0.0-20200430051712-a88785d6d9e3 h1:4Jj4xXum1s8I+OCOUM42GQI6xtMBH7h75pYt/JQe9wg=
github.com/mishrasunny174/gosci-hub/libdownloader v0.0.0-20200430051712-a88785d6d9e3/go.mod h1:xHVWGxsAUV7D5dzHRJ+8qJteyg5tqEyUSYhxVIQngQc=
github.com/mishrasunny174/gosci-hub/libdownloader v0.0.0-20200430054041-88de87fb2949 h1:VhLgA5SHdb80lWJ7jb6hJ1Nlrfmrk710QrZ0iPF6Qi4=
github.com/mishrasunny174/gosci-hub/libdownloader v0.0.0-20200430054041-88de87fb2949/go.mod h1:xHVWGxsAUV7D5dzHRJ+8qJteyg5tqEyUSYhxVIQngQc=
github.com/mishrasunny174/gosci-hub/libdownloader v0.0.0-20200430071827-6a6553cd589f h1:ONPH8w+65hzD9t4BqAja5QQKtHnvKFJmG6rV+WCPf+Y=
github.com/mishrasunny174/gosci-hub/libdownloader v0.0.0-20200430071827-6a6553cd589f/go.mod h1:xHVWGxsAUV7D5dzHRJ+8qJteyg5tqEyUSYhxVIQngQc=
github.com/mishrasunny174/gosci-hub/libgoscihub v0.0.0-20200430052657-bb2df5fc2788 h1:84nNby4MGOAA5FV6Ek0CGMArcCNN+CtzqQGCcYPZ4hY=
github.com/mishrasunny174/gosci-hub/libgoscihub v0.0.0-20200430052657-bb2df5fc2788/go.mod h1:X3F+jg4KAMvvkxw0+w1p24pDHLZyoR0fsJNeeC3ff8w=
github.com/mishrasunny174/gosci-hub/libgoscihub v0.0.0-20200430071827-6a6553cd589f h1:TiMf4BX182b+j14NgnRYjhjkgahCo36CRsjdQGQcD9w=
github.com/mishrasunny174/gosci-hub/libgoscihub v0.0.0-20200430071827-6a6553cd589f/go.mod h1:X3F+jg4KAMvvkxw0+w1p24pDHLZyoR0fsJNeeC3ff8w=
golang.org/x/crypto v0.0.0-20190308221718-c2843e01d9a2/go.mod h1:djNgcEr1/C05ACkg1iLfiJU5Ep61QUkGW8qpdssI0+w=
golang.org/x/net v0.0.0-20180218175443-cbe0f9307d01/go.mod h1:mL1N/T3taQHkDXs73rZJwtUhF3w3ftmwwsq0BUmARs4=
golang.org/x/net v0.0.0-20200202094626-16171245cfb2 h1:CCH4IOTTfewWjGOlSp+zGcjutRKlBEZQ6wTn8ozI/nI=
golang.org/x/net v0.0.0-20200202094626-16171245cfb2/go.mod h1:z5CRVTTTmAJ677TzLLGU+0bjPO0LkuOLi4/5GtJWs/s=
golang.org/x/net v0.0.0-20200425230154-ff2c4b7c35a0 h1:Jcxah/M+oLZ/R4/z5RzfPzGbPXnVDPkEDtf2JnuxN+U=
golang.org/x/net v0.0.0-20200425230154-ff2c4b7c35a0/go.mod h1:qpuaurCH72eLCgpAm/N6yyVIVM9cpaDIP3A8BGJEC5A=
golang.org/x/sys v0.0.0-20190215142949-d0b11bdaac8a/go.mod h1:STP8DvDyc/dI5b8T5hshtkjS+E42TnysNCUPdjciGhY=
golang.org/x/sys v0.0.0-20200323222414-85ca7c5b95cd/go.mod h1:h1NjWce9XRLGQEsW7wpKNCjG9DtNlClVuFLEZdDNbEs=
golang.org/x/text v0.3.0/go.mod h1:NqM8EUOU14njkJ3fqMW+pc6Ldnwhi/IjpwHt7yyuwOQ=
